// !$*UTF8*$!
{
	archiveVersion = 1;
	classes = {
	};
	objectVersion = 46;
	objects = {

/* Begin PBXBuildFile section */
		6FC9A4331D6157980058FE32 /* AppDelegate.swift in Sources */ = {isa = PBXBuildFile; fileRef = 6FC9A4321D6157980058FE32 /* AppDelegate.swift */; };
		6FC9A4351D6157980058FE32 /* ViewController.swift in Sources */ = {isa = PBXBuildFile; fileRef = 6FC9A4341D6157980058FE32 /* ViewController.swift */; };
		6FC9A4381D6157980058FE32 /* Main.storyboard in Resources */ = {isa = PBXBuildFile; fileRef = 6FC9A4361D6157980058FE32 /* Main.storyboard */; };
		6FC9A43A1D6157980058FE32 /* Assets.xcassets in Resources */ = {isa = PBXBuildFile; fileRef = 6FC9A4391D6157980058FE32 /* Assets.xcassets */; };
		6FC9A43D1D6157980058FE32 /* LaunchScreen.storyboard in Resources */ = {isa = PBXBuildFile; fileRef = 6FC9A43B1D6157980058FE32 /* LaunchScreen.storyboard */; };
		6FC9A4481D6157980058FE32 /* SCNShadableBugTests.swift in Sources */ = {isa = PBXBuildFile; fileRef = 6FC9A4471D6157980058FE32 /* SCNShadableBugTests.swift */; };
		6FC9A4531D6157980058FE32 /* SCNShadableBugUITests.swift in Sources */ = {isa = PBXBuildFile; fileRef = 6FC9A4521D6157980058FE32 /* SCNShadableBugUITests.swift */; };
/* End PBXBuildFile section */

/* Begin PBXContainerItemProxy section */
		6FC9A4441D6157980058FE32 /* PBXContainerItemProxy */ = {
			isa = PBXContainerItemProxy;
			containerPortal = 6FC9A4271D6157980058FE32 /* Project object */;
			proxyType = 1;
			remoteGlobalIDString = 6FC9A42E1D6157980058FE32;
			remoteInfo = SCNShadableBug;
		};
		6FC9A44F1D6157980058FE32 /* PBXContainerItemProxy */ = {
			isa = PBXContainerItemProxy;
			containerPortal = 6FC9A4271D6157980058FE32 /* Project object */;
			proxyType = 1;
			remoteGlobalIDString = 6FC9A42E1D6157980058FE32;
			remoteInfo = SCNShadableBug;
		};
/* End PBXContainerItemProxy section */

/* Begin PBXFileReference section */
		6FC9A42F1D6157980058FE32 /* SCNShadableBug.app */ = {isa = PBXFileReference; explicitFileType = wrapper.application; includeInIndex = 0; path = SCNShadableBug.app; sourceTree = BUILT_PRODUCTS_DIR; };
		6FC9A4321D6157980058FE32 /* AppDelegate.swift */ = {isa = PBXFileReference; lastKnownFileType = sourcecode.swift; path = AppDelegate.swift; sourceTree = "<group>"; };
		6FC9A4341D6157980058FE32 /* ViewController.swift */ = {isa = PBXFileReference; lastKnownFileType = sourcecode.swift; path = ViewController.swift; sourceTree = "<group>"; };
		6FC9A4371D6157980058FE32 /* Base */ = {isa = PBXFileReference; lastKnownFileType = file.storyboard; name = Base; path = Base.lproj/Main.storyboard; sourceTree = "<group>"; };
		6FC9A4391D6157980058FE32 /* Assets.xcassets */ = {isa = PBXFileReference; lastKnownFileType = folder.assetcatalog; path = Assets.xcassets; sourceTree = "<group>"; };
		6FC9A43C1D6157980058FE32 /* Base */ = {isa = PBXFileReference; lastKnownFileType = file.storyboard; name = Base; path = Base.lproj/LaunchScreen.storyboard; sourceTree = "<group>"; };
		6FC9A43E1D6157980058FE32 /* Info.plist */ = {isa = PBXFileReference; lastKnownFileType = text.plist.xml; path = Info.plist; sourceTree = "<group>"; };
		6FC9A4431D6157980058FE32 /* SCNShadableBugTests.xctest */ = {isa = PBXFileReference; explicitFileType = wrapper.cfbundle; includeInIndex = 0; path = SCNShadableBugTests.xctest; sourceTree = BUILT_PRODUCTS_DIR; };
		6FC9A4471D6157980058FE32 /* SCNShadableBugTests.swift */ = {isa = PBXFileReference; lastKnownFileType = sourcecode.swift; path = SCNShadableBugTests.swift; sourceTree = "<group>"; };
		6FC9A4491D6157980058FE32 /* Info.plist */ = {isa = PBXFileReference; lastKnownFileType = text.plist.xml; path = Info.plist; sourceTree = "<group>"; };
		6FC9A44E1D6157980058FE32 /* SCNShadableBugUITests.xctest */ = {isa = PBXFileReference; explicitFileType = wrapper.cfbundle; includeInIndex = 0; path = SCNShadableBugUITests.xctest; sourceTree = BUILT_PRODUCTS_DIR; };
		6FC9A4521D6157980058FE32 /* SCNShadableBugUITests.swift */ = {isa = PBXFileReference; lastKnownFileType = sourcecode.swift; path = SCNShadableBugUITests.swift; sourceTree = "<group>"; };
		6FC9A4541D6157980058FE32 /* Info.plist */ = {isa = PBXFileReference; lastKnownFileType = text.plist.xml; path = Info.plist; sourceTree = "<group>"; };
/* End PBXFileReference section */

/* Begin PBXFrameworksBuildPhase section */
		6FC9A42C1D6157980058FE32 /* Frameworks */ = {
			isa = PBXFrameworksBuildPhase;
			buildActionMask = 2147483647;
			files = (
			);
			runOnlyForDeploymentPostprocessing = 0;
		};
		6FC9A4401D6157980058FE32 /* Frameworks */ = {
			isa = PBXFrameworksBuildPhase;
			buildActionMask = 2147483647;
			files = (
			);
			runOnlyForDeploymentPostprocessing = 0;
		};
		6FC9A44B1D6157980058FE32 /* Frameworks */ = {
			isa = PBXFrameworksBuildPhase;
			buildActionMask = 2147483647;
			files = (
			);
			runOnlyForDeploymentPostprocessing = 0;
		};
/* End PBXFrameworksBuildPhase section */

/* Begin PBXGroup section */
		6FC9A4261D6157980058FE32 = {
			isa = PBXGroup;
			children = (
				6FC9A4311D6157980058FE32 /* SCNShadableBug */,
				6FC9A4461D6157980058FE32 /* SCNShadableBugTests */,
				6FC9A4511D6157980058FE32 /* SCNShadableBugUITests */,
				6FC9A4301D6157980058FE32 /* Products */,
			);
			sourceTree = "<group>";
		};
		6FC9A4301D6157980058FE32 /* Products */ = {
			isa = PBXGroup;
			children = (
				6FC9A42F1D6157980058FE32 /* SCNShadableBug.app */,
				6FC9A4431D6157980058FE32 /* SCNShadableBugTests.xctest */,
				6FC9A44E1D6157980058FE32 /* SCNShadableBugUITests.xctest */,
			);
			name = Products;
			sourceTree = "<group>";
		};
		6FC9A4311D6157980058FE32 /* SCNShadableBug */ = {
			isa = PBXGroup;
			children = (
				6FC9A4321D6157980058FE32 /* AppDelegate.swift */,
				6FC9A4341D6157980058FE32 /* ViewController.swift */,
				6FC9A4361D6157980058FE32 /* Main.storyboard */,
				6FC9A4391D6157980058FE32 /* Assets.xcassets */,
				6FC9A43B1D6157980058FE32 /* LaunchScreen.storyboard */,
				6FC9A43E1D6157980058FE32 /* Info.plist */,
			);
			path = SCNShadableBug;
			sourceTree = "<group>";
		};
		6FC9A4461D6157980058FE32 /* SCNShadableBugTests */ = {
			isa = PBXGroup;
			children = (
				6FC9A4471D6157980058FE32 /* SCNShadableBugTests.swift */,
				6FC9A4491D6157980058FE32 /* Info.plist */,
			);
			path = SCNShadableBugTests;
			sourceTree = "<group>";
		};
		6FC9A4511D6157980058FE32 /* SCNShadableBugUITests */ = {
			isa = PBXGroup;
			children = (
				6FC9A4521D6157980058FE32 /* SCNShadableBugUITests.swift */,
				6FC9A4541D6157980058FE32 /* Info.plist */,
			);
			path = SCNShadableBugUITests;
			sourceTree = "<group>";
		};
/* End PBXGroup section */

/* Begin PBXNativeTarget section */
		6FC9A42E1D6157980058FE32 /* SCNShadableBug */ = {
			isa = PBXNativeTarget;
			buildConfigurationList = 6FC9A4571D6157980058FE32 /* Build configuration list for PBXNativeTarget "SCNShadableBug" */;
			buildPhases = (
				6FC9A42B1D6157980058FE32 /* Sources */,
				6FC9A42C1D6157980058FE32 /* Frameworks */,
				6FC9A42D1D6157980058FE32 /* Resources */,
			);
			buildRules = (
			);
			dependencies = (
			);
			name = SCNShadableBug;
			productName = SCNShadableBug;
			productReference = 6FC9A42F1D6157980058FE32 /* SCNShadableBug.app */;
			productType = "com.apple.product-type.application";
		};
		6FC9A4421D6157980058FE32 /* SCNShadableBugTests */ = {
			isa = PBXNativeTarget;
			buildConfigurationList = 6FC9A45A1D6157980058FE32 /* Build configuration list for PBXNativeTarget "SCNShadableBugTests" */;
			buildPhases = (
				6FC9A43F1D6157980058FE32 /* Sources */,
				6FC9A4401D6157980058FE32 /* Frameworks */,
				6FC9A4411D6157980058FE32 /* Resources */,
			);
			buildRules = (
			);
			dependencies = (
				6FC9A4451D6157980058FE32 /* PBXTargetDependency */,
			);
			name = SCNShadableBugTests;
			productName = SCNShadableBugTests;
			productReference = 6FC9A4431D6157980058FE32 /* SCNShadableBugTests.xctest */;
			productType = "com.apple.product-type.bundle.unit-test";
		};
		6FC9A44D1D6157980058FE32 /* SCNShadableBugUITests */ = {
			isa = PBXNativeTarget;
			buildConfigurationList = 6FC9A45D1D6157980058FE32 /* Build configuration list for PBXNativeTarget "SCNShadableBugUITests" */;
			buildPhases = (
				6FC9A44A1D6157980058FE32 /* Sources */,
				6FC9A44B1D6157980058FE32 /* Frameworks */,
				6FC9A44C1D6157980058FE32 /* Resources */,
			);
			buildRules = (
			);
			dependencies = (
				6FC9A4501D6157980058FE32 /* PBXTargetDependency */,
			);
			name = SCNShadableBugUITests;
			productName = SCNShadableBugUITests;
			productReference = 6FC9A44E1D6157980058FE32 /* SCNShadableBugUITests.xctest */;
			productType = "com.apple.product-type.bundle.ui-testing";
		};
/* End PBXNativeTarget section */

/* Begin PBXProject section */
		6FC9A4271D6157980058FE32 /* Project object */ = {
			isa = PBXProject;
			attributes = {
				LastSwiftUpdateCheck = 0800;
				LastUpgradeCheck = 0800;
				ORGANIZATIONNAME = "Guillaume Sabran";
				TargetAttributes = {
					6FC9A42E1D6157980058FE32 = {
						CreatedOnToolsVersion = 8.0;
						DevelopmentTeam = V25XX8Q7L2;
						ProvisioningStyle = Automatic;
					};
					6FC9A4421D6157980058FE32 = {
						CreatedOnToolsVersion = 8.0;
						DevelopmentTeam = V25XX8Q7L2;
						ProvisioningStyle = Automatic;
						TestTargetID = 6FC9A42E1D6157980058FE32;
					};
					6FC9A44D1D6157980058FE32 = {
						CreatedOnToolsVersion = 8.0;
						DevelopmentTeam = V25XX8Q7L2;
						ProvisioningStyle = Automatic;
						TestTargetID = 6FC9A42E1D6157980058FE32;
					};
				};
			};
			buildConfigurationList = 6FC9A42A1D6157980058FE32 /* Build configuration list for PBXProject "SCNShadableBug" */;
			compatibilityVersion = "Xcode 3.2";
			developmentRegion = English;
			hasScannedForEncodings = 0;
			knownRegions = (
				en,
				Base,
			);
			mainGroup = 6FC9A4261D6157980058FE32;
			productRefGroup = 6FC9A4301D6157980058FE32 /* Products */;
			projectDirPath = "";
			projectRoot = "";
			targets = (
				6FC9A42E1D6157980058FE32 /* SCNShadableBug */,
				6FC9A4421D6157980058FE32 /* SCNShadableBugTests */,
				6FC9A44D1D6157980058FE32 /* SCNShadableBugUITests */,
			);
		};
/* End PBXProject section */

/* Begin PBXResourcesBuildPhase section */
		6FC9A42D1D6157980058FE32 /* Resources */ = {
			isa = PBXResourcesBuildPhase;
			buildActionMask = 2147483647;
			files = (
				6FC9A43D1D6157980058FE32 /* LaunchScreen.storyboard in Resources */,
				6FC9A43A1D6157980058FE32 /* Assets.xcassets in Resources */,
				6FC9A4381D6157980058FE32 /* Main.storyboard in Resources */,
			);
			runOnlyForDeploymentPostprocessing = 0;
		};
		6FC9A4411D6157980058FE32 /* Resources */ = {
			isa = PBXResourcesBuildPhase;
			buildActionMask = 2147483647;
			files = (
			);
			runOnlyForDeploymentPostprocessing = 0;
		};
		6FC9A44C1D6157980058FE32 /* Resources */ = {
			isa = PBXResourcesBuildPhase;
			buildActionMask = 2147483647;
			files = (
			);
			runOnlyForDeploymentPostprocessing = 0;
		};
/* End PBXResourcesBuildPhase section */

/* Begin PBXSourcesBuildPhase section */
		6FC9A42B1D6157980058FE32 /* Sources */ = {
			isa = PBXSourcesBuildPhase;
			buildActionMask = 2147483647;
			files = (
				6FC9A4351D6157980058FE32 /* ViewController.swift in Sources */,
				6FC9A4331D6157980058FE32 /* AppDelegate.swift in Sources */,
			);
			runOnlyForDeploymentPostprocessing = 0;
		};
		6FC9A43F1D6157980058FE32 /* Sources */ = {
			isa = PBXSourcesBuildPhase;
			buildActionMask = 2147483647;
			files = (
				6FC9A4481D6157980058FE32 /* SCNShadableBugTests.swift in Sources */,
			);
			runOnlyForDeploymentPostprocessing = 0;
		};
		6FC9A44A1D6157980058FE32 /* Sources */ = {
			isa = PBXSourcesBuildPhase;
			buildActionMask = 2147483647;
			files = (
				6FC9A4531D6157980058FE32 /* SCNShadableBugUITests.swift in Sources */,
			);
			runOnlyForDeploymentPostprocessing = 0;
		};
/* End PBXSourcesBuildPhase section */

/* Begin PBXTargetDependency section */
		6FC9A4451D6157980058FE32 /* PBXTargetDependency */ = {
			isa = PBXTargetDependency;
			target = 6FC9A42E1D6157980058FE32 /* SCNShadableBug */;
			targetProxy = 6FC9A4441D6157980058FE32 /* PBXContainerItemProxy */;
		};
		6FC9A4501D6157980058FE32 /* PBXTargetDependency */ = {
			isa = PBXTargetDependency;
			target = 6FC9A42E1D6157980058FE32 /* SCNShadableBug */;
			targetProxy = 6FC9A44F1D6157980058FE32 /* PBXContainerItemProxy */;
		};
/* End PBXTargetDependency section */

/* Begin PBXVariantGroup section */
		6FC9A4361D6157980058FE32 /* Main.storyboard */ = {
			isa = PBXVariantGroup;
			children = (
				6FC9A4371D6157980058FE32 /* Base */,
			);
			name = Main.storyboard;
			sourceTree = "<group>";
		};
		6FC9A43B1D6157980058FE32 /* LaunchScreen.storyboard */ = {
			isa = PBXVariantGroup;
			children = (
				6FC9A43C1D6157980058FE32 /* Base */,
			);
			name = LaunchScreen.storyboard;
			sourceTree = "<group>";
		};
/* End PBXVariantGroup section */

/* Begin XCBuildConfiguration section */
		6FC9A4551D6157980058FE32 /* Debug */ = {
			isa = XCBuildConfiguration;
			buildSettings = {
				ALWAYS_SEARCH_USER_PATHS = NO;
				CLANG_ANALYZER_NONNULL = YES;
				CLANG_CXX_LANGUAGE_STANDARD = "gnu++0x";
				CLANG_CXX_LIBRARY = "libc++";
				CLANG_ENABLE_MODULES = YES;
				CLANG_ENABLE_OBJC_ARC = YES;
				CLANG_WARN_BOOL_CONVERSION = YES;
				CLANG_WARN_CONSTANT_CONVERSION = YES;
				CLANG_WARN_DIRECT_OBJC_ISA_USAGE = YES_ERROR;
				CLANG_WARN_DOCUMENTATION_COMMENTS = YES;
				CLANG_WARN_EMPTY_BODY = YES;
				CLANG_WARN_ENUM_CONVERSION = YES;
				CLANG_WARN_INFINITE_RECURSION = YES;
				CLANG_WARN_INT_CONVERSION = YES;
				CLANG_WARN_OBJC_ROOT_CLASS = YES_ERROR;
				CLANG_WARN_SUSPICIOUS_MOVES = YES;
				CLANG_WARN_UNREACHABLE_CODE = YES;
				CLANG_WARN__DUPLICATE_METHOD_MATCH = YES;
				"CODE_SIGN_IDENTITY[sdk=iphoneos*]" = "iPhone Developer";
				COPY_PHASE_STRIP = NO;
				DEBUG_INFORMATION_FORMAT = dwarf;
				ENABLE_STRICT_OBJC_MSGSEND = YES;
				ENABLE_TESTABILITY = YES;
				GCC_C_LANGUAGE_STANDARD = gnu99;
				GCC_DYNAMIC_NO_PIC = NO;
				GCC_NO_COMMON_BLOCKS = YES;
				GCC_OPTIMIZATION_LEVEL = 0;
				GCC_PREPROCESSOR_DEFINITIONS = (
					"DEBUG=1",
					"$(inherited)",
				);
				GCC_WARN_64_TO_32_BIT_CONVERSION = YES;
				GCC_WARN_ABOUT_RETURN_TYPE = YES_ERROR;
				GCC_WARN_UNDECLARED_SELECTOR = YES;
				GCC_WARN_UNINITIALIZED_AUTOS = YES_AGGRESSIVE;
				GCC_WARN_UNUSED_FUNCTION = YES;
				GCC_WARN_UNUSED_VARIABLE = YES;
				IPHONEOS_DEPLOYMENT_TARGET = 10.0;
				MTL_ENABLE_DEBUG_INFO = YES;
				ONLY_ACTIVE_ARCH = YES;
				SDKROOT = iphoneos;
				SWIFT_ACTIVE_COMPILATION_CONDITIONS = DEBUG;
				SWIFT_OPTIMIZATION_LEVEL = "-Onone";
				TARGETED_DEVICE_FAMILY = "1,2";
			};
			name = Debug;
		};
		6FC9A4561D6157980058FE32 /* Release */ = {
			isa = XCBuildConfiguration;
			buildSettings = {
				ALWAYS_SEARCH_USER_PATHS = NO;
				CLANG_ANALYZER_NONNULL = YES;
				CLANG_CXX_LANGUAGE_STANDARD = "gnu++0x";
				CLANG_CXX_LIBRARY = "libc++";
				CLANG_ENABLE_MODULES = YES;
				CLANG_ENABLE_OBJC_ARC = YES;
				CLANG_WARN_BOOL_CONVERSION = YES;
				CLANG_WARN_CONSTANT_CONVERSION = YES;
				CLANG_WARN_DIRECT_OBJC_ISA_USAGE = YES_ERROR;
				CLANG_WARN_DOCUMENTATION_COMMENTS = YES;
				CLANG_WARN_EMPTY_BODY = YES;
				CLANG_WARN_ENUM_CONVERSION = YES;
				CLANG_WARN_INFINITE_RECURSION = YES;
				CLANG_WARN_INT_CONVERSION = YES;
				CLANG_WARN_OBJC_ROOT_CLASS = YES_ERROR;
				CLANG_WARN_SUSPICIOUS_MOVES = YES;
				CLANG_WARN_UNREACHABLE_CODE = YES;
				CLANG_WARN__DUPLICATE_METHOD_MATCH = YES;
				"CODE_SIGN_IDENTITY[sdk=iphoneos*]" = "iPhone Developer";
				COPY_PHASE_STRIP = NO;
				DEBUG_INFORMATION_FORMAT = "dwarf-with-dsym";
				ENABLE_NS_ASSERTIONS = NO;
				ENABLE_STRICT_OBJC_MSGSEND = YES;
				GCC_C_LANGUAGE_STANDARD = gnu99;
				GCC_NO_COMMON_BLOCKS = YES;
				GCC_WARN_64_TO_32_BIT_CONVERSION = YES;
				GCC_WARN_ABOUT_RETURN_TYPE = YES_ERROR;
				GCC_WARN_UNDECLARED_SELECTOR = YES;
				GCC_WARN_UNINITIALIZED_AUTOS = YES_AGGRESSIVE;
				GCC_WARN_UNUSED_FUNCTION = YES;
				GCC_WARN_UNUSED_VARIABLE = YES;
				IPHONEOS_DEPLOYMENT_TARGET = 10.0;
				MTL_ENABLE_DEBUG_INFO = NO;
				SDKROOT = iphoneos;
				SWIFT_OPTIMIZATION_LEVEL = "-Owholemodule";
				TARGETED_DEVICE_FAMILY = "1,2";
				VALIDATE_PRODUCT = YES;
			};
			name = Release;
		};
		6FC9A4581D6157980058FE32 /* Debug */ = {
			isa = XCBuildConfiguration;
			buildSettings = {
				ASSETCATALOG_COMPILER_APPICON_NAME = AppIcon;
				DEVELOPMENT_TEAM = V25XX8Q7L2;
				INFOPLIST_FILE = SCNShadableBug/Info.plist;
				LD_RUNPATH_SEARCH_PATHS = "$(inherited) @executable_path/Frameworks";
				PRODUCT_BUNDLE_IDENTIFIER = com.papero.360PlayerSwift.SCNShadableBug;
				PRODUCT_NAME = "$(TARGET_NAME)";
				SWIFT_VERSION = 3.0;
			};
			name = Debug;
		};
		6FC9A4591D6157980058FE32 /* Release */ = {
			isa = XCBuildConfiguration;
			buildSettings = {
				ASSETCATALOG_COMPILER_APPICON_NAME = AppIcon;
				DEVELOPMENT_TEAM = V25XX8Q7L2;
				INFOPLIST_FILE = SCNShadableBug/Info.plist;
				LD_RUNPATH_SEARCH_PATHS = "$(inherited) @executable_path/Frameworks";
				PRODUCT_BUNDLE_IDENTIFIER = com.papero.360PlayerSwift.SCNShadableBug;
				PRODUCT_NAME = "$(TARGET_NAME)";
				SWIFT_VERSION = 3.0;
			};
			name = Release;
		};
		6FC9A45B1D6157980058FE32 /* Debug */ = {
			isa = XCBuildConfiguration;
			buildSettings = {
				BUNDLE_LOADER = "$(TEST_HOST)";
				DEVELOPMENT_TEAM = V25XX8Q7L2;
				INFOPLIST_FILE = SCNShadableBugTests/Info.plist;
				LD_RUNPATH_SEARCH_PATHS = "$(inherited) @executable_path/Frameworks @loader_path/Frameworks";
				PRODUCT_BUNDLE_IDENTIFIER = com.papero.360PlayerSwift.SCNShadableBugTests;
				PRODUCT_NAME = "$(TARGET_NAME)";
				SWIFT_VERSION = 3.0;
				TEST_HOST = "$(BUILT_PRODUCTS_DIR)/SCNShadableBug.app/SCNShadableBug";
			};
			name = Debug;
		};
		6FC9A45C1D6157980058FE32 /* Release */ = {
			isa = XCBuildConfiguration;
			buildSettings = {
				BUNDLE_LOADER = "$(TEST_HOST)";
				DEVELOPMENT_TEAM = V25XX8Q7L2;
				INFOPLIST_FILE = SCNShadableBugTests/Info.plist;
				LD_RUNPATH_SEARCH_PATHS = "$(inherited) @executable_path/Frameworks @loader_path/Frameworks";
				PRODUCT_BUNDLE_IDENTIFIER = com.papero.360PlayerSwift.SCNShadableBugTests;
				PRODUCT_NAME = "$(TARGET_NAME)";
				SWIFT_VERSION = 3.0;
				TEST_HOST = "$(BUILT_PRODUCTS_DIR)/SCNShadableBug.app/SCNShadableBug";
			};
			name = Release;
		};
		6FC9A45E1D6157980058FE32 /* Debug */ = {
			isa = XCBuildConfiguration;
			buildSettings = {
				DEVELOPMENT_TEAM = V25XX8Q7L2;
				INFOPLIST_FILE = SCNShadableBugUITests/Info.plist;
				LD_RUNPATH_SEARCH_PATHS = "$(inherited) @executable_path/Frameworks @loader_path/Frameworks";
				PRODUCT_BUNDLE_IDENTIFIER = com.papero.360PlayerSwift.SCNShadableBugUITests;
				PRODUCT_NAME = "$(TARGET_NAME)";
				SWIFT_VERSION = 3.0;
				TEST_TARGET_NAME = SCNShadableBug;
			};
			name = Debug;
		};
		6FC9A45F1D6157980058FE32 /* Release */ = {
			isa = XCBuildConfiguration;
			buildSettings = {
				DEVELOPMENT_TEAM = V25XX8Q7L2;
				INFOPLIST_FILE = SCNShadableBugUITests/Info.plist;
				LD_RUNPATH_SEARCH_PATHS = "$(inherited) @executable_path/Frameworks @loader_path/Frameworks";
				PRODUCT_BUNDLE_IDENTIFIER = com.papero.360PlayerSwift.SCNShadableBugUITests;
				PRODUCT_NAME = "$(TARGET_NAME)";
				SWIFT_VERSION = 3.0;
				TEST_TARGET_NAME = SCNShadableBug;
			};
			name = Release;
		};
/* End XCBuildConfiguration section */

/* Begin XCConfigurationList section */
		6FC9A42A1D6157980058FE32 /* Build configuration list for PBXProject "SCNShadableBug" */ = {
			isa = XCConfigurationList;
			buildConfigurations = (
				6FC9A4551D6157980058FE32 /* Debug */,
				6FC9A4561D6157980058FE32 /* Release */,
			);
			defaultConfigurationIsVisible = 0;
			defaultConfigurationName = Release;
		};
		6FC9A4571D6157980058FE32 /* Build configuration list for PBXNativeTarget "SCNShadableBug" */ = {
			isa = XCConfigurationList;
			buildConfigurations = (
				6FC9A4581D6157980058FE32 /* Debug */,
				6FC9A4591D6157980058FE32 /* Release */,
			);
			defaultConfigurationIsVisible = 0;
		};
		6FC9A45A1D6157980058FE32 /* Build configuration list for PBXNativeTarget "SCNShadableBugTests" */ = {
			isa = XCConfigurationList;
			buildConfigurations = (
				6FC9A45B1D6157980058FE32 /* Debug */,
				6FC9A45C1D6157980058FE32 /* Release */,
			);
			defaultConfigurationIsVisible = 0;
		};
		6FC9A45D1D6157980058FE32 /* Build configuration list for PBXNativeTarget "SCNShadableBugUITests" */ = {
			isa = XCConfigurationList;
			buildConfigurations = (
				6FC9A45E1D6157980058FE32 /* Debug */,
				6FC9A45F1D6157980058FE32 /* Release */,
			);
			defaultConfigurationIsVisible = 0;
		};
/* End XCConfigurationList section */
	};
	rootObject = 6FC9A4271D6157980058FE32 /* Project object */;
}
